
Microsoft Visual Studio Solution File, Format Version 12.00
# Visual Studio Version 16
VisualStudioVersion = 16.0.29519.87
MinimumVisualStudioVersion = 10.0.40219.1
Project("{9A19103F-16F7-4668-BE54-9A1E7A4F7556}") = "RealCard", "RealCard\RealCard.csproj", "{E3920896-40AE-46D9-8992-B6BC734D08FF}"
EndProject
Project("{9A19103F-16F7-4668-BE54-9A1E7A4F7556}") = "RealCard.Core", "RealCard.Core\RealCard.Core.csproj", "{30177246-DB82-43EE-9837-0BEEA1722887}"
EndProject
Project("{FAE04EC0-301F-11D3-BF4B-00C04F79EFBC}") = "TestRealCard", "TestRealCard\TestRealCard.csproj", "{6984E10F-2CF6-48A5-85BA-695CABB2CCD5}"
EndProject
Global
	GlobalSection(SolutionConfigurationPlatforms) = preSolution
		Debug|Any CPU = Debug|Any CPU
		Release|Any CPU = Release|Any CPU
	EndGlobalSection
	GlobalSection(ProjectConfigurationPlatforms) = postSolution
		{E3920896-40AE-46D9-8992-B6BC734D08FF}.Debug|Any CPU.ActiveCfg = Debug|Any CPU
		{E3920896-40AE-46D9-8992-B6BC734D08FF}.Debug|Any CPU.Build.0 = Debug|Any CPU
		{E3920896-40AE-46D9-8992-B6BC734D08FF}.Release|Any CPU.ActiveCfg = Release|Any CPU
		{E3920896-40AE-46D9-8992-B6BC734D08FF}.Release|Any CPU.Build.0 = Release|Any CPU
		{30177246-DB82-43EE-9837-0BEEA1722887}.Debug|Any CPU.ActiveCfg = Debug|Any CPU
		{30177246-DB82-43EE-9837-0BEEA1722887}.Debug|Any CPU.Build.0 = Debug|Any CPU
		{30177246-DB82-43EE-9837-0BEEA1722887}.Release|Any CPU.ActiveCfg = Release|Any CPU
		{30177246-DB82-43EE-9837-0BEEA1722887}.Release|Any CPU.Build.0 = Release|Any CPU
		{6984E10F-2CF6-48A5-85BA-695CABB2CCD5}.Debug|Any CPU.ActiveCfg = Debug|Any CPU
		{6984E10F-2CF6-48A5-85BA-695CABB2CCD5}.Debug|Any CPU.Build.0 = Debug|Any CPU
		{6984E10F-2CF6-48A5-85BA-695CABB2CCD5}.Release|Any CPU.ActiveCfg = Release|Any CPU
		{6984E10F-2CF6-48A5-85BA-695CABB2CCD5}.Release|Any CPU.Build.0 = Release|Any CPU
	EndGlobalSection
	GlobalSection(SolutionProperties) = preSolution
		HideSolutionNode = FALSE
	EndGlobalSection
	GlobalSection(ExtensibilityGlobals) = postSolution
		SolutionGuid = {A0915699-486F-4E7D-B0D0-FDB10263EB90}
	EndGlobalSection
EndGlobal
