
Microsoft Visual Studio Solution File, Format Version 12.00
# Visual Studio Version 16
VisualStudioVersion = 16.0.29519.87
MinimumVisualStudioVersion = 10.0.40219.1
Project("{FAE04EC0-301F-11D3-BF4B-00C04F79EFBC}") = "RealCard", "RealCard\RealCard.csproj", "{E3920896-40AE-46D9-8992-B6BC734D08FF}"
EndProject
Global
	GlobalSection(SolutionConfigurationPlatforms) = preSolution
		Debug|Any CPU = Debug|Any CPU
		Release|Any CPU = Release|Any CPU
	EndGlobalSection
	GlobalSection(ProjectConfigurationPlatforms) = postSolution
		{E3920896-40AE-46D9-8992-B6BC734D08FF}.Debug|Any CPU.ActiveCfg = Debug|Any CPU
		{E3920896-40AE-46D9-8992-B6BC734D08FF}.Debug|Any CPU.Build.0 = Debug|Any CPU
		{E3920896-40AE-46D9-8992-B6BC734D08FF}.Release|Any CPU.ActiveCfg = Release|Any CPU
		{E3920896-40AE-46D9-8992-B6BC734D08FF}.Release|Any CPU.Build.0 = Release|Any CPU
	EndGlobalSection
	GlobalSection(SolutionProperties) = preSolution
		HideSolutionNode = FALSE
	EndGlobalSection
	GlobalSection(ExtensibilityGlobals) = postSolution
		SolutionGuid = {A0915699-486F-4E7D-B0D0-FDB10263EB90}
	EndGlobalSection
EndGlobal
